
Microsoft Visual Studio Solution File, Format Version 12.00
# Visual Studio Version 17
VisualStudioVersion = 17.0.31903.59
MinimumVisualStudioVersion = 10.0.40219.1
Project("{FAE04EC0-301F-11D3-BF4B-00C04F79EFBC}") = "VoiceAssistant.API", "VoiceAssistant.API\VoiceAssistant.API.csproj", "{08D9420C-55A6-4930-9211-D88544F846BE}"
EndProject
Project("{FAE04EC0-301F-11D3-BF4B-00C04F79EFBC}") = "VoiceAssistant.Core", "VoiceAssistant.Core\VoiceAssistant.Core.csproj", "{EB89FC22-53AD-4DD1-A752-B767336A037F}"
EndProject
Project("{FAE04EC0-301F-11D3-BF4B-00C04F79EFBC}") = "VoiceAssistant.Infrastructure", "VoiceAssistant.Infrastructure\VoiceAssistant.Infrastructure.csproj", "{5FD9BB50-71A3-474C-A8EB-C2D0C6E4ECC4}"
EndProject
Project("{FAE04EC0-301F-11D3-BF4B-00C04F79EFBC}") = "VoiceAssistant.Data", "VoiceAssistant.Data\VoiceAssistant.Data.csproj", "{4379CD54-F4F0-4A04-9855-78B4791C4D4C}"
EndProject
Project("{FAE04EC0-301F-11D3-BF4B-00C04F79EFBC}") = "VoiceAssistant.Services", "VoiceAssistant.Services\VoiceAssistant.Services.csproj", "{E3BF31B1-A171-4852-A454-6ADBA29B684B}"
EndProject
Global
	GlobalSection(SolutionConfigurationPlatforms) = preSolution
		Debug|Any CPU = Debug|Any CPU
		Debug|x64 = Debug|x64
		Debug|x86 = Debug|x86
		Release|Any CPU = Release|Any CPU
		Release|x64 = Release|x64
		Release|x86 = Release|x86
	EndGlobalSection
	GlobalSection(ProjectConfigurationPlatforms) = postSolution
		{08D9420C-55A6-4930-9211-D88544F846BE}.Debug|Any CPU.ActiveCfg = Debug|Any CPU
		{08D9420C-55A6-4930-9211-D88544F846BE}.Debug|Any CPU.Build.0 = Debug|Any CPU
		{08D9420C-55A6-4930-9211-D88544F846BE}.Debug|x64.ActiveCfg = Debug|Any CPU
		{08D9420C-55A6-4930-9211-D88544F846BE}.Debug|x64.Build.0 = Debug|Any CPU
		{08D9420C-55A6-4930-9211-D88544F846BE}.Debug|x86.ActiveCfg = Debug|Any CPU
		{08D9420C-55A6-4930-9211-D88544F846BE}.Debug|x86.Build.0 = Debug|Any CPU
		{08D9420C-55A6-4930-9211-D88544F846BE}.Release|Any CPU.ActiveCfg = Release|Any CPU
		{08D9420C-55A6-4930-9211-D88544F846BE}.Release|Any CPU.Build.0 = Release|Any CPU
		{08D9420C-55A6-4930-9211-D88544F846BE}.Release|x64.ActiveCfg = Release|Any CPU
		{08D9420C-55A6-4930-9211-D88544F846BE}.Release|x64.Build.0 = Release|Any CPU
		{08D9420C-55A6-4930-9211-D88544F846BE}.Release|x86.ActiveCfg = Release|Any CPU
		{08D9420C-55A6-4930-9211-D88544F846BE}.Release|x86.Build.0 = Release|Any CPU
		{EB89FC22-53AD-4DD1-A752-B767336A037F}.Debug|Any CPU.ActiveCfg = Debug|Any CPU
		{EB89FC22-53AD-4DD1-A752-B767336A037F}.Debug|Any CPU.Build.0 = Debug|Any CPU
		{EB89FC22-53AD-4DD1-A752-B767336A037F}.Debug|x64.ActiveCfg = Debug|Any CPU
		{EB89FC22-53AD-4DD1-A752-B767336A037F}.Debug|x64.Build.0 = Debug|Any CPU
		{EB89FC22-53AD-4DD1-A752-B767336A037F}.Debug|x86.ActiveCfg = Debug|Any CPU
		{EB89FC22-53AD-4DD1-A752-B767336A037F}.Debug|x86.Build.0 = Debug|Any CPU
		{EB89FC22-53AD-4DD1-A752-B767336A037F}.Release|Any CPU.ActiveCfg = Release|Any CPU
		{EB89FC22-53AD-4DD1-A752-B767336A037F}.Release|Any CPU.Build.0 = Release|Any CPU
		{EB89FC22-53AD-4DD1-A752-B767336A037F}.Release|x64.ActiveCfg = Release|Any CPU
		{EB89FC22-53AD-4DD1-A752-B767336A037F}.Release|x64.Build.0 = Release|Any CPU
		{EB89FC22-53AD-4DD1-A752-B767336A037F}.Release|x86.ActiveCfg = Release|Any CPU
		{EB89FC22-53AD-4DD1-A752-B767336A037F}.Release|x86.Build.0 = Release|Any CPU
		{5FD9BB50-71A3-474C-A8EB-C2D0C6E4ECC4}.Debug|Any CPU.ActiveCfg = Debug|Any CPU
		{5FD9BB50-71A3-474C-A8EB-C2D0C6E4ECC4}.Debug|Any CPU.Build.0 = Debug|Any CPU
		{5FD9BB50-71A3-474C-A8EB-C2D0C6E4ECC4}.Debug|x64.ActiveCfg = Debug|Any CPU
		{5FD9BB50-71A3-474C-A8EB-C2D0C6E4ECC4}.Debug|x64.Build.0 = Debug|Any CPU
		{5FD9BB50-71A3-474C-A8EB-C2D0C6E4ECC4}.Debug|x86.ActiveCfg = Debug|Any CPU
		{5FD9BB50-71A3-474C-A8EB-C2D0C6E4ECC4}.Debug|x86.Build.0 = Debug|Any CPU
		{5FD9BB50-71A3-474C-A8EB-C2D0C6E4ECC4}.Release|Any CPU.ActiveCfg = Release|Any CPU
		{5FD9BB50-71A3-474C-A8EB-C2D0C6E4ECC4}.Release|Any CPU.Build.0 = Release|Any CPU
		{5FD9BB50-71A3-474C-A8EB-C2D0C6E4ECC4}.Release|x64.ActiveCfg = Release|Any CPU
		{5FD9BB50-71A3-474C-A8EB-C2D0C6E4ECC4}.Release|x64.Build.0 = Release|Any CPU
		{5FD9BB50-71A3-474C-A8EB-C2D0C6E4ECC4}.Release|x86.ActiveCfg = Release|Any CPU
		{5FD9BB50-71A3-474C-A8EB-C2D0C6E4ECC4}.Release|x86.Build.0 = Release|Any CPU
		{4379CD54-F4F0-4A04-9855-78B4791C4D4C}.Debug|Any CPU.ActiveCfg = Debug|Any CPU
		{4379CD54-F4F0-4A04-9855-78B4791C4D4C}.Debug|Any CPU.Build.0 = Debug|Any CPU
		{4379CD54-F4F0-4A04-9855-78B4791C4D4C}.Debug|x64.ActiveCfg = Debug|Any CPU
		{4379CD54-F4F0-4A04-9855-78B4791C4D4C}.Debug|x64.Build.0 = Debug|Any CPU
		{4379CD54-F4F0-4A04-9855-78B4791C4D4C}.Debug|x86.ActiveCfg = Debug|Any CPU
		{4379CD54-F4F0-4A04-9855-78B4791C4D4C}.Debug|x86.Build.0 = Debug|Any CPU
		{4379CD54-F4F0-4A04-9855-78B4791C4D4C}.Release|Any CPU.ActiveCfg = Release|Any CPU
		{4379CD54-F4F0-4A04-9855-78B4791C4D4C}.Release|Any CPU.Build.0 = Release|Any CPU
		{4379CD54-F4F0-4A04-9855-78B4791C4D4C}.Release|x64.ActiveCfg = Release|Any CPU
		{4379CD54-F4F0-4A04-9855-78B4791C4D4C}.Release|x64.Build.0 = Release|Any CPU
		{4379CD54-F4F0-4A04-9855-78B4791C4D4C}.Release|x86.ActiveCfg = Release|Any CPU
		{4379CD54-F4F0-4A04-9855-78B4791C4D4C}.Release|x86.Build.0 = Release|Any CPU
		{E3BF31B1-A171-4852-A454-6ADBA29B684B}.Debug|Any CPU.ActiveCfg = Debug|Any CPU
		{E3BF31B1-A171-4852-A454-6ADBA29B684B}.Debug|Any CPU.Build.0 = Debug|Any CPU
		{E3BF31B1-A171-4852-A454-6ADBA29B684B}.Debug|x64.ActiveCfg = Debug|Any CPU
		{E3BF31B1-A171-4852-A454-6ADBA29B684B}.Debug|x64.Build.0 = Debug|Any CPU
		{E3BF31B1-A171-4852-A454-6ADBA29B684B}.Debug|x86.ActiveCfg = Debug|Any CPU
		{E3BF31B1-A171-4852-A454-6ADBA29B684B}.Debug|x86.Build.0 = Debug|Any CPU
		{E3BF31B1-A171-4852-A454-6ADBA29B684B}.Release|Any CPU.ActiveCfg = Release|Any CPU
		{E3BF31B1-A171-4852-A454-6ADBA29B684B}.Release|Any CPU.Build.0 = Release|Any CPU
		{E3BF31B1-A171-4852-A454-6ADBA29B684B}.Release|x64.ActiveCfg = Release|Any CPU
		{E3BF31B1-A171-4852-A454-6ADBA29B684B}.Release|x64.Build.0 = Release|Any CPU
		{E3BF31B1-A171-4852-A454-6ADBA29B684B}.Release|x86.ActiveCfg = Release|Any CPU
		{E3BF31B1-A171-4852-A454-6ADBA29B684B}.Release|x86.Build.0 = Release|Any CPU
	EndGlobalSection
	GlobalSection(SolutionProperties) = preSolution
		HideSolutionNode = FALSE
	EndGlobalSection
EndGlobal
